
Microsoft Visual Studio Solution File, Format Version 12.00
# Visual Studio Version 16
VisualStudioVersion = 16.0.30503.244
MinimumVisualStudioVersion = 10.0.40219.1
Project("{FAE04EC0-301F-11D3-BF4B-00C04F79EFBC}") = "LibraryView", "LibraryView\LibraryView.csproj", "{2BD875E6-28A7-4575-A14B-BB1D6D9DDB19}"
EndProject
Project("{FAE04EC0-301F-11D3-BF4B-00C04F79EFBC}") = "POILibrary", "POILibrary\POILibrary.csproj", "{8CFBE259-2156-4F34-A2DE-45753B11182C}"
EndProject
Global
	GlobalSection(SolutionConfigurationPlatforms) = preSolution
		Debug|Any CPU = Debug|Any CPU
		Release|Any CPU = Release|Any CPU
	EndGlobalSection
	GlobalSection(ProjectConfigurationPlatforms) = postSolution
		{2BD875E6-28A7-4575-A14B-BB1D6D9DDB19}.Debug|Any CPU.ActiveCfg = Debug|Any CPU
		{2BD875E6-28A7-4575-A14B-BB1D6D9DDB19}.Debug|Any CPU.Build.0 = Debug|Any CPU
		{2BD875E6-28A7-4575-A14B-BB1D6D9DDB19}.Release|Any CPU.ActiveCfg = Release|Any CPU
		{2BD875E6-28A7-4575-A14B-BB1D6D9DDB19}.Release|Any CPU.Build.0 = Release|Any CPU
		{8CFBE259-2156-4F34-A2DE-45753B11182C}.Debug|Any CPU.ActiveCfg = Debug|Any CPU
		{8CFBE259-2156-4F34-A2DE-45753B11182C}.Debug|Any CPU.Build.0 = Debug|Any CPU
		{8CFBE259-2156-4F34-A2DE-45753B11182C}.Release|Any CPU.ActiveCfg = Release|Any CPU
		{8CFBE259-2156-4F34-A2DE-45753B11182C}.Release|Any CPU.Build.0 = Release|Any CPU
	EndGlobalSection
	GlobalSection(SolutionProperties) = preSolution
		HideSolutionNode = FALSE
	EndGlobalSection
	GlobalSection(ExtensibilityGlobals) = postSolution
		SolutionGuid = {BCA81A4F-A35C-4541-8DA3-D712BD365FF5}
	EndGlobalSection
EndGlobal
